// !$*UTF8*$!
{
	archiveVersion = 1;
	classes = {
	};
	objectVersion = 46;
	objects = {

/* Begin PBXBuildFile section */
		5682A66D4AC042CDAC269455 /* libPods.a in Frameworks */ = {isa = PBXBuildFile; fileRef = 12F274DDC6A1459E805A62AB /* libPods.a */; };
		7C4A5FE2ECA744AB8E9731AE /* libPods.a in Frameworks */ = {isa = PBXBuildFile; fileRef = 12F274DDC6A1459E805A62AB /* libPods.a */; };
		B834FC3317D8B6E50015D6C0 /* OCMockitoIOS.framework in Frameworks */ = {isa = PBXBuildFile; fileRef = B834FC3217D8B6E50015D6C0 /* OCMockitoIOS.framework */; };
		B834FC3517D8B7030015D6C0 /* OCHamcrestIOS.framework in Frameworks */ = {isa = PBXBuildFile; fileRef = B834FC3417D8B7030015D6C0 /* OCHamcrestIOS.framework */; };
		B834FC3717D8B76C0015D6C0 /* TPWeatherTest.m in Sources */ = {isa = PBXBuildFile; fileRef = B834FC3617D8B76C0015D6C0 /* TPWeatherTest.m */; };
		B834FC3917D8C5060015D6C0 /* SystemConfiguration.framework in Frameworks */ = {isa = PBXBuildFile; fileRef = B834FC3817D8C5060015D6C0 /* SystemConfiguration.framework */; };
		B834FC3A17D8C50D0015D6C0 /* SystemConfiguration.framework in Frameworks */ = {isa = PBXBuildFile; fileRef = B834FC3817D8C5060015D6C0 /* SystemConfiguration.framework */; };
		B834FC3C17D8C5250015D6C0 /* MobileCoreServices.framework in Frameworks */ = {isa = PBXBuildFile; fileRef = B834FC3B17D8C5250015D6C0 /* MobileCoreServices.framework */; };
		B834FC3D17D8C52B0015D6C0 /* MobileCoreServices.framework in Frameworks */ = {isa = PBXBuildFile; fileRef = B834FC3B17D8C5250015D6C0 /* MobileCoreServices.framework */; };
		B834FC3F17D95B460015D6C0 /* TPWeatherWatcherViewControllerTest.m in Sources */ = {isa = PBXBuildFile; fileRef = B834FC3E17D95B460015D6C0 /* TPWeatherWatcherViewControllerTest.m */; };
		B834FC4217D95BB70015D6C0 /* TPWeatherWatcherViewController.m in Sources */ = {isa = PBXBuildFile; fileRef = B834FC4117D95BB70015D6C0 /* TPWeatherWatcherViewController.m */; };
		B834FC4417D95D530015D6C0 /* TPWeatherWatcher.xib in Resources */ = {isa = PBXBuildFile; fileRef = B834FC4317D95D530015D6C0 /* TPWeatherWatcher.xib */; };
		B834FC5417D9C01E0015D6C0 /* TPWeatherForecastItem.m in Sources */ = {isa = PBXBuildFile; fileRef = B834FC5317D9C01E0015D6C0 /* TPWeatherForecastItem.m */; };
		B834FC5617D9CB860015D6C0 /* TPWeatherForecastItem.xib in Resources */ = {isa = PBXBuildFile; fileRef = B834FC5517D9CB850015D6C0 /* TPWeatherForecastItem.xib */; };
		B834FC5817D9CF580015D6C0 /* TPWeatherForecastItemTest.m in Sources */ = {isa = PBXBuildFile; fileRef = B834FC5717D9CF580015D6C0 /* TPWeatherForecastItemTest.m */; };
		B834FC6717DA10FC0015D6C0 /* CoreLocation.framework in Frameworks */ = {isa = PBXBuildFile; fileRef = B834FC6617DA10FC0015D6C0 /* CoreLocation.framework */; };
		B834FC7217DBA8CE0015D6C0 /* Clear.png in Resources */ = {isa = PBXBuildFile; fileRef = B834FC6B17DBA8CE0015D6C0 /* Clear.png */; };
		B834FC7317DBA8CE0015D6C0 /* Cloud.png in Resources */ = {isa = PBXBuildFile; fileRef = B834FC6C17DBA8CE0015D6C0 /* Cloud.png */; };
		B834FC7417DBA8CE0015D6C0 /* Fog.png in Resources */ = {isa = PBXBuildFile; fileRef = B834FC6D17DBA8CE0015D6C0 /* Fog.png */; };
		B834FC7517DBA8CE0015D6C0 /* Menu.png in Resources */ = {isa = PBXBuildFile; fileRef = B834FC6E17DBA8CE0015D6C0 /* Menu.png */; };
		B834FC7617DBA8CE0015D6C0 /* Rain.png in Resources */ = {isa = PBXBuildFile; fileRef = B834FC6F17DBA8CE0015D6C0 /* Rain.png */; };
		B834FC7717DBA8CE0015D6C0 /* Snow.png in Resources */ = {isa = PBXBuildFile; fileRef = B834FC7017DBA8CE0015D6C0 /* Snow.png */; };
		B834FC7817DBA8CE0015D6C0 /* Storm.png in Resources */ = {isa = PBXBuildFile; fileRef = B834FC7117DBA8CE0015D6C0 /* Storm.png */; };
		B88A7D9917DBADD80094D053 /* TPWeatherWatcherMenuViewController.m in Sources */ = {isa = PBXBuildFile; fileRef = B88A7D9717DBADD80094D053 /* TPWeatherWatcherMenuViewController.m */; };
		B88A7D9A17DBADD80094D053 /* TPWeatherWatcherMenuViewController.xib in Resources */ = {isa = PBXBuildFile; fileRef = B88A7D9817DBADD80094D053 /* TPWeatherWatcherMenuViewController.xib */; };
		B88A7D9F17DBAE890094D053 /* TPWeatherWatcherMenuViewControllerTest.m in Sources */ = {isa = PBXBuildFile; fileRef = B88A7D9E17DBAE890094D053 /* TPWeatherWatcherMenuViewControllerTest.m */; };
		B8F5216617D8AEC2002FE8E5 /* UIKit.framework in Frameworks */ = {isa = PBXBuildFile; fileRef = B8F5216517D8AEC2002FE8E5 /* UIKit.framework */; };
		B8F5216817D8AEC2002FE8E5 /* Foundation.framework in Frameworks */ = {isa = PBXBuildFile; fileRef = B8F5216717D8AEC2002FE8E5 /* Foundation.framework */; };
		B8F5216A17D8AEC2002FE8E5 /* CoreGraphics.framework in Frameworks */ = {isa = PBXBuildFile; fileRef = B8F5216917D8AEC2002FE8E5 /* CoreGraphics.framework */; };
		B8F5217017D8AEC3002FE8E5 /* InfoPlist.strings in Resources */ = {isa = PBXBuildFile; fileRef = B8F5216E17D8AEC3002FE8E5 /* InfoPlist.strings */; };
		B8F5217217D8AEC3002FE8E5 /* main.m in Sources */ = {isa = PBXBuildFile; fileRef = B8F5217117D8AEC3002FE8E5 /* main.m */; };
		B8F5217617D8AEC3002FE8E5 /* AppDelegate.m in Sources */ = {isa = PBXBuildFile; fileRef = B8F5217517D8AEC3002FE8E5 /* AppDelegate.m */; };
		B8F5217817D8AEC3002FE8E5 /* Default.png in Resources */ = {isa = PBXBuildFile; fileRef = B8F5217717D8AEC3002FE8E5 /* Default.png */; };
		B8F5217A17D8AEC3002FE8E5 /* Default@2x.png in Resources */ = {isa = PBXBuildFile; fileRef = B8F5217917D8AEC3002FE8E5 /* Default@2x.png */; };
		B8F5217C17D8AEC3002FE8E5 /* Default-568h@2x.png in Resources */ = {isa = PBXBuildFile; fileRef = B8F5217B17D8AEC3002FE8E5 /* Default-568h@2x.png */; };
		B8F5218417D8AEC3002FE8E5 /* SenTestingKit.framework in Frameworks */ = {isa = PBXBuildFile; fileRef = B8F5218317D8AEC3002FE8E5 /* SenTestingKit.framework */; };
		B8F5218517D8AEC3002FE8E5 /* UIKit.framework in Frameworks */ = {isa = PBXBuildFile; fileRef = B8F5216517D8AEC2002FE8E5 /* UIKit.framework */; };
		B8F5218617D8AEC3002FE8E5 /* Foundation.framework in Frameworks */ = {isa = PBXBuildFile; fileRef = B8F5216717D8AEC2002FE8E5 /* Foundation.framework */; };
		B8F5218E17D8AEC3002FE8E5 /* InfoPlist.strings in Resources */ = {isa = PBXBuildFile; fileRef = B8F5218C17D8AEC3002FE8E5 /* InfoPlist.strings */; };
		B8F5219C17D8B01D002FE8E5 /* TPWeather.m in Sources */ = {isa = PBXBuildFile; fileRef = B8F5219B17D8B01D002FE8E5 /* TPWeather.m */; };
/* End PBXBuildFile section */

/* Begin PBXContainerItemProxy section */
		B8F5218717D8AEC3002FE8E5 /* PBXContainerItemProxy */ = {
			isa = PBXContainerItemProxy;
			containerPortal = B8F5215A17D8AEC2002FE8E5 /* Project object */;
			proxyType = 1;
			remoteGlobalIDString = B8F5216117D8AEC2002FE8E5;
			remoteInfo = WeatherWatcher;
		};
/* End PBXContainerItemProxy section */

/* Begin PBXFileReference section */
		12F274DDC6A1459E805A62AB /* libPods.a */ = {isa = PBXFileReference; explicitFileType = archive.ar; includeInIndex = 0; path = libPods.a; sourceTree = BUILT_PRODUCTS_DIR; };
		B834FC3217D8B6E50015D6C0 /* OCMockitoIOS.framework */ = {isa = PBXFileReference; lastKnownFileType = wrapper.framework; path = OCMockitoIOS.framework; sourceTree = "<group>"; };
		B834FC3417D8B7030015D6C0 /* OCHamcrestIOS.framework */ = {isa = PBXFileReference; lastKnownFileType = wrapper.framework; path = OCHamcrestIOS.framework; sourceTree = "<group>"; };
		B834FC3617D8B76C0015D6C0 /* TPWeatherTest.m */ = {isa = PBXFileReference; fileEncoding = 4; lastKnownFileType = sourcecode.c.objc; path = TPWeatherTest.m; sourceTree = "<group>"; };
		B834FC3817D8C5060015D6C0 /* SystemConfiguration.framework */ = {isa = PBXFileReference; lastKnownFileType = wrapper.framework; name = SystemConfiguration.framework; path = System/Library/Frameworks/SystemConfiguration.framework; sourceTree = SDKROOT; };
		B834FC3B17D8C5250015D6C0 /* MobileCoreServices.framework */ = {isa = PBXFileReference; lastKnownFileType = wrapper.framework; name = MobileCoreServices.framework; path = System/Library/Frameworks/MobileCoreServices.framework; sourceTree = SDKROOT; };
		B834FC3E17D95B460015D6C0 /* TPWeatherWatcherViewControllerTest.m */ = {isa = PBXFileReference; fileEncoding = 4; lastKnownFileType = sourcecode.c.objc; path = TPWeatherWatcherViewControllerTest.m; sourceTree = "<group>"; };
		B834FC4017D95BB70015D6C0 /* TPWeatherWatcherViewController.h */ = {isa = PBXFileReference; fileEncoding = 4; lastKnownFileType = sourcecode.c.h; path = TPWeatherWatcherViewController.h; sourceTree = "<group>"; };
		B834FC4117D95BB70015D6C0 /* TPWeatherWatcherViewController.m */ = {isa = PBXFileReference; fileEncoding = 4; lastKnownFileType = sourcecode.c.objc; path = TPWeatherWatcherViewController.m; sourceTree = "<group>"; };
		B834FC4317D95D530015D6C0 /* TPWeatherWatcher.xib */ = {isa = PBXFileReference; fileEncoding = 4; lastKnownFileType = file.xib; path = TPWeatherWatcher.xib; sourceTree = "<group>"; };
		B834FC5217D9C01E0015D6C0 /* TPWeatherForecastItem.h */ = {isa = PBXFileReference; fileEncoding = 4; lastKnownFileType = sourcecode.c.h; path = TPWeatherForecastItem.h; sourceTree = "<group>"; };
		B834FC5317D9C01E0015D6C0 /* TPWeatherForecastItem.m */ = {isa = PBXFileReference; fileEncoding = 4; lastKnownFileType = sourcecode.c.objc; path = TPWeatherForecastItem.m; sourceTree = "<group>"; };
		B834FC5517D9CB850015D6C0 /* TPWeatherForecastItem.xib */ = {isa = PBXFileReference; fileEncoding = 4; lastKnownFileType = file.xib; path = TPWeatherForecastItem.xib; sourceTree = "<group>"; };
		B834FC5717D9CF580015D6C0 /* TPWeatherForecastItemTest.m */ = {isa = PBXFileReference; fileEncoding = 4; lastKnownFileType = sourcecode.c.objc; path = TPWeatherForecastItemTest.m; sourceTree = "<group>"; };
		B834FC6617DA10FC0015D6C0 /* CoreLocation.framework */ = {isa = PBXFileReference; lastKnownFileType = wrapper.framework; name = CoreLocation.framework; path = System/Library/Frameworks/CoreLocation.framework; sourceTree = SDKROOT; };
		B834FC6B17DBA8CE0015D6C0 /* Clear.png */ = {isa = PBXFileReference; lastKnownFileType = image.png; path = Clear.png; sourceTree = "<group>"; };
		B834FC6C17DBA8CE0015D6C0 /* Cloud.png */ = {isa = PBXFileReference; lastKnownFileType = image.png; path = Cloud.png; sourceTree = "<group>"; };
		B834FC6D17DBA8CE0015D6C0 /* Fog.png */ = {isa = PBXFileReference; lastKnownFileType = image.png; path = Fog.png; sourceTree = "<group>"; };
		B834FC6E17DBA8CE0015D6C0 /* Menu.png */ = {isa = PBXFileReference; lastKnownFileType = image.png; path = Menu.png; sourceTree = "<group>"; };
		B834FC6F17DBA8CE0015D6C0 /* Rain.png */ = {isa = PBXFileReference; lastKnownFileType = image.png; path = Rain.png; sourceTree = "<group>"; };
		B834FC7017DBA8CE0015D6C0 /* Snow.png */ = {isa = PBXFileReference; lastKnownFileType = image.png; path = Snow.png; sourceTree = "<group>"; };
		B834FC7117DBA8CE0015D6C0 /* Storm.png */ = {isa = PBXFileReference; lastKnownFileType = image.png; path = Storm.png; sourceTree = "<group>"; };
		B88A7D9617DBADD80094D053 /* TPWeatherWatcherMenuViewController.h */ = {isa = PBXFileReference; fileEncoding = 4; lastKnownFileType = sourcecode.c.h; path = TPWeatherWatcherMenuViewController.h; sourceTree = "<group>"; };
		B88A7D9717DBADD80094D053 /* TPWeatherWatcherMenuViewController.m */ = {isa = PBXFileReference; fileEncoding = 4; lastKnownFileType = sourcecode.c.objc; path = TPWeatherWatcherMenuViewController.m; sourceTree = "<group>"; };
		B88A7D9817DBADD80094D053 /* TPWeatherWatcherMenuViewController.xib */ = {isa = PBXFileReference; fileEncoding = 4; lastKnownFileType = file.xib; path = TPWeatherWatcherMenuViewController.xib; sourceTree = "<group>"; };
		B88A7D9E17DBAE890094D053 /* TPWeatherWatcherMenuViewControllerTest.m */ = {isa = PBXFileReference; fileEncoding = 4; lastKnownFileType = sourcecode.c.objc; path = TPWeatherWatcherMenuViewControllerTest.m; sourceTree = "<group>"; };
		B8F5216217D8AEC2002FE8E5 /* WeatherWatcher.app */ = {isa = PBXFileReference; explicitFileType = wrapper.application; includeInIndex = 0; path = WeatherWatcher.app; sourceTree = BUILT_PRODUCTS_DIR; };
		B8F5216517D8AEC2002FE8E5 /* UIKit.framework */ = {isa = PBXFileReference; lastKnownFileType = wrapper.framework; name = UIKit.framework; path = System/Library/Frameworks/UIKit.framework; sourceTree = SDKROOT; };
		B8F5216717D8AEC2002FE8E5 /* Foundation.framework */ = {isa = PBXFileReference; lastKnownFileType = wrapper.framework; name = Foundation.framework; path = System/Library/Frameworks/Foundation.framework; sourceTree = SDKROOT; };
		B8F5216917D8AEC2002FE8E5 /* CoreGraphics.framework */ = {isa = PBXFileReference; lastKnownFileType = wrapper.framework; name = CoreGraphics.framework; path = System/Library/Frameworks/CoreGraphics.framework; sourceTree = SDKROOT; };
		B8F5216D17D8AEC3002FE8E5 /* WeatherWatcher-Info.plist */ = {isa = PBXFileReference; lastKnownFileType = text.plist.xml; path = "WeatherWatcher-Info.plist"; sourceTree = "<group>"; };
		B8F5216F17D8AEC3002FE8E5 /* en */ = {isa = PBXFileReference; lastKnownFileType = text.plist.strings; name = en; path = en.lproj/InfoPlist.strings; sourceTree = "<group>"; };
		B8F5217117D8AEC3002FE8E5 /* main.m */ = {isa = PBXFileReference; lastKnownFileType = sourcecode.c.objc; path = main.m; sourceTree = "<group>"; };
		B8F5217317D8AEC3002FE8E5 /* WeatherWatcher-Prefix.pch */ = {isa = PBXFileReference; lastKnownFileType = sourcecode.c.h; path = "WeatherWatcher-Prefix.pch"; sourceTree = "<group>"; };
		B8F5217417D8AEC3002FE8E5 /* AppDelegate.h */ = {isa = PBXFileReference; lastKnownFileType = sourcecode.c.h; path = AppDelegate.h; sourceTree = "<group>"; };
		B8F5217517D8AEC3002FE8E5 /* AppDelegate.m */ = {isa = PBXFileReference; lastKnownFileType = sourcecode.c.objc; path = AppDelegate.m; sourceTree = "<group>"; };
		B8F5217717D8AEC3002FE8E5 /* Default.png */ = {isa = PBXFileReference; lastKnownFileType = image.png; path = Default.png; sourceTree = "<group>"; };
		B8F5217917D8AEC3002FE8E5 /* Default@2x.png */ = {isa = PBXFileReference; lastKnownFileType = image.png; path = "Default@2x.png"; sourceTree = "<group>"; };
		B8F5217B17D8AEC3002FE8E5 /* Default-568h@2x.png */ = {isa = PBXFileReference; lastKnownFileType = image.png; path = "Default-568h@2x.png"; sourceTree = "<group>"; };
		B8F5218217D8AEC3002FE8E5 /* WeatherWatcherTests.octest */ = {isa = PBXFileReference; explicitFileType = wrapper.cfbundle; includeInIndex = 0; path = WeatherWatcherTests.octest; sourceTree = BUILT_PRODUCTS_DIR; };
		B8F5218317D8AEC3002FE8E5 /* SenTestingKit.framework */ = {isa = PBXFileReference; lastKnownFileType = wrapper.framework; name = SenTestingKit.framework; path = Library/Frameworks/SenTestingKit.framework; sourceTree = DEVELOPER_DIR; };
		B8F5218B17D8AEC3002FE8E5 /* WeatherWatcherTests-Info.plist */ = {isa = PBXFileReference; lastKnownFileType = text.plist.xml; path = "WeatherWatcherTests-Info.plist"; sourceTree = "<group>"; };
		B8F5218D17D8AEC3002FE8E5 /* en */ = {isa = PBXFileReference; lastKnownFileType = text.plist.strings; name = en; path = en.lproj/InfoPlist.strings; sourceTree = "<group>"; };
		B8F5219A17D8B01D002FE8E5 /* TPWeather.h */ = {isa = PBXFileReference; fileEncoding = 4; lastKnownFileType = sourcecode.c.h; path = TPWeather.h; sourceTree = "<group>"; };
		B8F5219B17D8B01D002FE8E5 /* TPWeather.m */ = {isa = PBXFileReference; fileEncoding = 4; lastKnownFileType = sourcecode.c.objc; path = TPWeather.m; sourceTree = "<group>"; };
		D1B43CCD4F644B69A8CCC2BA /* Pods.xcconfig */ = {isa = PBXFileReference; includeInIndex = 1; lastKnownFileType = text.xcconfig; name = Pods.xcconfig; path = Pods/Pods.xcconfig; sourceTree = "<group>"; };
/* End PBXFileReference section */

/* Begin PBXFrameworksBuildPhase section */
		B8F5215F17D8AEC2002FE8E5 /* Frameworks */ = {
			isa = PBXFrameworksBuildPhase;
			buildActionMask = 2147483647;
			files = (
				B834FC6717DA10FC0015D6C0 /* CoreLocation.framework in Frameworks */,
				B834FC3C17D8C5250015D6C0 /* MobileCoreServices.framework in Frameworks */,
				B834FC3A17D8C50D0015D6C0 /* SystemConfiguration.framework in Frameworks */,
				B8F5216617D8AEC2002FE8E5 /* UIKit.framework in Frameworks */,
				B8F5216817D8AEC2002FE8E5 /* Foundation.framework in Frameworks */,
				B8F5216A17D8AEC2002FE8E5 /* CoreGraphics.framework in Frameworks */,
				5682A66D4AC042CDAC269455 /* libPods.a in Frameworks */,
			);
			runOnlyForDeploymentPostprocessing = 0;
		};
		B8F5217E17D8AEC3002FE8E5 /* Frameworks */ = {
			isa = PBXFrameworksBuildPhase;
			buildActionMask = 2147483647;
			files = (
				B834FC3D17D8C52B0015D6C0 /* MobileCoreServices.framework in Frameworks */,
				B834FC3917D8C5060015D6C0 /* SystemConfiguration.framework in Frameworks */,
				B8F5218417D8AEC3002FE8E5 /* SenTestingKit.framework in Frameworks */,
				B8F5218517D8AEC3002FE8E5 /* UIKit.framework in Frameworks */,
				B8F5218617D8AEC3002FE8E5 /* Foundation.framework in Frameworks */,
				7C4A5FE2ECA744AB8E9731AE /* libPods.a in Frameworks */,
				B834FC3317D8B6E50015D6C0 /* OCMockitoIOS.framework in Frameworks */,
				B834FC3517D8B7030015D6C0 /* OCHamcrestIOS.framework in Frameworks */,
			);
			runOnlyForDeploymentPostprocessing = 0;
		};
/* End PBXFrameworksBuildPhase section */

/* Begin PBXGroup section */
		B834FC6A17DBA8CE0015D6C0 /* Images */ = {
			isa = PBXGroup;
			children = (
				B834FC6B17DBA8CE0015D6C0 /* Clear.png */,
				B834FC6C17DBA8CE0015D6C0 /* Cloud.png */,
				B834FC6D17DBA8CE0015D6C0 /* Fog.png */,
				B834FC6E17DBA8CE0015D6C0 /* Menu.png */,
				B834FC6F17DBA8CE0015D6C0 /* Rain.png */,
				B834FC7017DBA8CE0015D6C0 /* Snow.png */,
				B834FC7117DBA8CE0015D6C0 /* Storm.png */,
			);
			path = Images;
			sourceTree = "<group>";
		};
		B8F5215917D8AEC2002FE8E5 = {
			isa = PBXGroup;
			children = (
				B8F5216B17D8AEC2002FE8E5 /* WeatherWatcher */,
				B8F5218917D8AEC3002FE8E5 /* WeatherWatcherTests */,
				B8F5216417D8AEC2002FE8E5 /* Frameworks */,
				B8F5216317D8AEC2002FE8E5 /* Products */,
				D1B43CCD4F644B69A8CCC2BA /* Pods.xcconfig */,
			);
			sourceTree = "<group>";
		};
		B8F5216317D8AEC2002FE8E5 /* Products */ = {
			isa = PBXGroup;
			children = (
				B8F5216217D8AEC2002FE8E5 /* WeatherWatcher.app */,
				B8F5218217D8AEC3002FE8E5 /* WeatherWatcherTests.octest */,
			);
			name = Products;
			sourceTree = "<group>";
		};
		B8F5216417D8AEC2002FE8E5 /* Frameworks */ = {
			isa = PBXGroup;
			children = (
				B834FC6617DA10FC0015D6C0 /* CoreLocation.framework */,
				B834FC3B17D8C5250015D6C0 /* MobileCoreServices.framework */,
				B834FC3817D8C5060015D6C0 /* SystemConfiguration.framework */,
				B834FC3417D8B7030015D6C0 /* OCHamcrestIOS.framework */,
				B834FC3217D8B6E50015D6C0 /* OCMockitoIOS.framework */,
				B8F5216517D8AEC2002FE8E5 /* UIKit.framework */,
				B8F5216717D8AEC2002FE8E5 /* Foundation.framework */,
				B8F5216917D8AEC2002FE8E5 /* CoreGraphics.framework */,
				B8F5218317D8AEC3002FE8E5 /* SenTestingKit.framework */,
				12F274DDC6A1459E805A62AB /* libPods.a */,
			);
			name = Frameworks;
			sourceTree = "<group>";
		};
		B8F5216B17D8AEC2002FE8E5 /* WeatherWatcher */ = {
			isa = PBXGroup;
			children = (
				B8F5217417D8AEC3002FE8E5 /* AppDelegate.h */,
				B8F5217517D8AEC3002FE8E5 /* AppDelegate.m */,
				B8F5219A17D8B01D002FE8E5 /* TPWeather.h */,
				B8F5219B17D8B01D002FE8E5 /* TPWeather.m */,
				B834FC4017D95BB70015D6C0 /* TPWeatherWatcherViewController.h */,
				B834FC4117D95BB70015D6C0 /* TPWeatherWatcherViewController.m */,
				B834FC5217D9C01E0015D6C0 /* TPWeatherForecastItem.h */,
				B834FC5317D9C01E0015D6C0 /* TPWeatherForecastItem.m */,
				B88A7D9617DBADD80094D053 /* TPWeatherWatcherMenuViewController.h */,
				B88A7D9717DBADD80094D053 /* TPWeatherWatcherMenuViewController.m */,
				B88A7D9817DBADD80094D053 /* TPWeatherWatcherMenuViewController.xib */,
				B834FC5517D9CB850015D6C0 /* TPWeatherForecastItem.xib */,
				B834FC4317D95D530015D6C0 /* TPWeatherWatcher.xib */,
				B8F5216C17D8AEC3002FE8E5 /* Supporting Files */,
			);
			path = WeatherWatcher;
			sourceTree = "<group>";
		};
		B8F5216C17D8AEC3002FE8E5 /* Supporting Files */ = {
			isa = PBXGroup;
			children = (
				B834FC6A17DBA8CE0015D6C0 /* Images */,
				B8F5216D17D8AEC3002FE8E5 /* WeatherWatcher-Info.plist */,
				B8F5216E17D8AEC3002FE8E5 /* InfoPlist.strings */,
				B8F5217117D8AEC3002FE8E5 /* main.m */,
				B8F5217317D8AEC3002FE8E5 /* WeatherWatcher-Prefix.pch */,
				B8F5217717D8AEC3002FE8E5 /* Default.png */,
				B8F5217917D8AEC3002FE8E5 /* Default@2x.png */,
				B8F5217B17D8AEC3002FE8E5 /* Default-568h@2x.png */,
			);
			name = "Supporting Files";
			sourceTree = "<group>";
		};
		B8F5218917D8AEC3002FE8E5 /* WeatherWatcherTests */ = {
			isa = PBXGroup;
			children = (
				B834FC3E17D95B460015D6C0 /* TPWeatherWatcherViewControllerTest.m */,
				B88A7D9E17DBAE890094D053 /* TPWeatherWatcherMenuViewControllerTest.m */,
				B834FC3617D8B76C0015D6C0 /* TPWeatherTest.m */,
				B834FC5717D9CF580015D6C0 /* TPWeatherForecastItemTest.m */,
				B8F5218A17D8AEC3002FE8E5 /* Supporting Files */,
			);
			path = WeatherWatcherTests;
			sourceTree = "<group>";
		};
		B8F5218A17D8AEC3002FE8E5 /* Supporting Files */ = {
			isa = PBXGroup;
			children = (
				B8F5218B17D8AEC3002FE8E5 /* WeatherWatcherTests-Info.plist */,
				B8F5218C17D8AEC3002FE8E5 /* InfoPlist.strings */,
			);
			name = "Supporting Files";
			sourceTree = "<group>";
		};
/* End PBXGroup section */

/* Begin PBXNativeTarget section */
		B8F5216117D8AEC2002FE8E5 /* WeatherWatcher */ = {
			isa = PBXNativeTarget;
			buildConfigurationList = B8F5219417D8AEC3002FE8E5 /* Build configuration list for PBXNativeTarget "WeatherWatcher" */;
			buildPhases = (
				09CE4F87590443AF9F847E95 /* Check Pods Manifest.lock */,
				B8F5215E17D8AEC2002FE8E5 /* Sources */,
				B8F5215F17D8AEC2002FE8E5 /* Frameworks */,
				B8F5216017D8AEC2002FE8E5 /* Resources */,
				9B06AAAF410A45FCB88020D8 /* Copy Pods Resources */,
			);
			buildRules = (
			);
			dependencies = (
			);
			name = WeatherWatcher;
			productName = WeatherWatcher;
			productReference = B8F5216217D8AEC2002FE8E5 /* WeatherWatcher.app */;
			productType = "com.apple.product-type.application";
		};
		B8F5218117D8AEC3002FE8E5 /* WeatherWatcherTests */ = {
			isa = PBXNativeTarget;
			buildConfigurationList = B8F5219717D8AEC3002FE8E5 /* Build configuration list for PBXNativeTarget "WeatherWatcherTests" */;
			buildPhases = (
				2101B076818A49F69FD2F2BA /* Check Pods Manifest.lock */,
				B8F5217D17D8AEC3002FE8E5 /* Sources */,
				B8F5217E17D8AEC3002FE8E5 /* Frameworks */,
				B8F5217F17D8AEC3002FE8E5 /* Resources */,
				B8F5218017D8AEC3002FE8E5 /* ShellScript */,
				ED477026AD794E838B3C1A3D /* Copy Pods Resources */,
			);
			buildRules = (
			);
			dependencies = (
				B8F5218817D8AEC3002FE8E5 /* PBXTargetDependency */,
			);
			name = WeatherWatcherTests;
			productName = WeatherWatcherTests;
			productReference = B8F5218217D8AEC3002FE8E5 /* WeatherWatcherTests.octest */;
			productType = "com.apple.product-type.bundle";
		};
/* End PBXNativeTarget section */

/* Begin PBXProject section */
		B8F5215A17D8AEC2002FE8E5 /* Project object */ = {
			isa = PBXProject;
			attributes = {
				LastUpgradeCheck = 0460;
				ORGANIZATIONNAME = "Jason Lagaac";
			};
			buildConfigurationList = B8F5215D17D8AEC2002FE8E5 /* Build configuration list for PBXProject "WeatherWatcher" */;
			compatibilityVersion = "Xcode 3.2";
			developmentRegion = English;
			hasScannedForEncodings = 0;
			knownRegions = (
				en,
			);
			mainGroup = B8F5215917D8AEC2002FE8E5;
			productRefGroup = B8F5216317D8AEC2002FE8E5 /* Products */;
			projectDirPath = "";
			projectRoot = "";
			targets = (
				B8F5216117D8AEC2002FE8E5 /* WeatherWatcher */,
				B8F5218117D8AEC3002FE8E5 /* WeatherWatcherTests */,
			);
		};
/* End PBXProject section */

/* Begin PBXResourcesBuildPhase section */
		B8F5216017D8AEC2002FE8E5 /* Resources */ = {
			isa = PBXResourcesBuildPhase;
			buildActionMask = 2147483647;
			files = (
				B8F5217017D8AEC3002FE8E5 /* InfoPlist.strings in Resources */,
				B8F5217817D8AEC3002FE8E5 /* Default.png in Resources */,
				B8F5217A17D8AEC3002FE8E5 /* Default@2x.png in Resources */,
				B8F5217C17D8AEC3002FE8E5 /* Default-568h@2x.png in Resources */,
				B834FC4417D95D530015D6C0 /* TPWeatherWatcher.xib in Resources */,
				B834FC5617D9CB860015D6C0 /* TPWeatherForecastItem.xib in Resources */,
				B834FC7217DBA8CE0015D6C0 /* Clear.png in Resources */,
				B834FC7317DBA8CE0015D6C0 /* Cloud.png in Resources */,
				B834FC7417DBA8CE0015D6C0 /* Fog.png in Resources */,
				B834FC7517DBA8CE0015D6C0 /* Menu.png in Resources */,
				B834FC7617DBA8CE0015D6C0 /* Rain.png in Resources */,
				B834FC7717DBA8CE0015D6C0 /* Snow.png in Resources */,
				B834FC7817DBA8CE0015D6C0 /* Storm.png in Resources */,
				B88A7D9A17DBADD80094D053 /* TPWeatherWatcherMenuViewController.xib in Resources */,
			);
			runOnlyForDeploymentPostprocessing = 0;
		};
		B8F5217F17D8AEC3002FE8E5 /* Resources */ = {
			isa = PBXResourcesBuildPhase;
			buildActionMask = 2147483647;
			files = (
				B8F5218E17D8AEC3002FE8E5 /* InfoPlist.strings in Resources */,
			);
			runOnlyForDeploymentPostprocessing = 0;
		};
/* End PBXResourcesBuildPhase section */

/* Begin PBXShellScriptBuildPhase section */
		09CE4F87590443AF9F847E95 /* Check Pods Manifest.lock */ = {
			isa = PBXShellScriptBuildPhase;
			buildActionMask = 2147483647;
			files = (
			);
			inputPaths = (
			);
			name = "Check Pods Manifest.lock";
			outputPaths = (
			);
			runOnlyForDeploymentPostprocessing = 0;
			shellPath = /bin/sh;
			shellScript = "diff \"${PODS_ROOT}/../Podfile.lock\" \"${PODS_ROOT}/Manifest.lock\" > /dev/null\nif [[ $? != 0 ]] ; then\n    cat << EOM\nerror: The sandbox is not in sync with the Podfile.lock. Run 'pod install' or update your CocoaPods installation.\nEOM\n    exit 1\nfi\n";
			showEnvVarsInLog = 0;
		};
		2101B076818A49F69FD2F2BA /* Check Pods Manifest.lock */ = {
			isa = PBXShellScriptBuildPhase;
			buildActionMask = 2147483647;
			files = (
			);
			inputPaths = (
			);
			name = "Check Pods Manifest.lock";
			outputPaths = (
			);
			runOnlyForDeploymentPostprocessing = 0;
			shellPath = /bin/sh;
			shellScript = "diff \"${PODS_ROOT}/../Podfile.lock\" \"${PODS_ROOT}/Manifest.lock\" > /dev/null\nif [[ $? != 0 ]] ; then\n    cat << EOM\nerror: The sandbox is not in sync with the Podfile.lock. Run 'pod install' or update your CocoaPods installation.\nEOM\n    exit 1\nfi\n";
			showEnvVarsInLog = 0;
		};
		9B06AAAF410A45FCB88020D8 /* Copy Pods Resources */ = {
			isa = PBXShellScriptBuildPhase;
			buildActionMask = 2147483647;
			files = (
			);
			inputPaths = (
			);
			name = "Copy Pods Resources";
			outputPaths = (
			);
			runOnlyForDeploymentPostprocessing = 0;
			shellPath = /bin/sh;
			shellScript = "\"${SRCROOT}/Pods/Pods-resources.sh\"\n";
			showEnvVarsInLog = 0;
		};
		B8F5218017D8AEC3002FE8E5 /* ShellScript */ = {
			isa = PBXShellScriptBuildPhase;
			buildActionMask = 2147483647;
			files = (
			);
			inputPaths = (
			);
			outputPaths = (
			);
			runOnlyForDeploymentPostprocessing = 0;
			shellPath = /bin/sh;
			shellScript = "# Run the unit tests in this test bundle.\n\"${SYSTEM_DEVELOPER_DIR}/Tools/RunUnitTests\"\n";
		};
		ED477026AD794E838B3C1A3D /* Copy Pods Resources */ = {
			isa = PBXShellScriptBuildPhase;
			buildActionMask = 2147483647;
			files = (
			);
			inputPaths = (
			);
			name = "Copy Pods Resources";
			outputPaths = (
			);
			runOnlyForDeploymentPostprocessing = 0;
			shellPath = /bin/sh;
			shellScript = "\"${SRCROOT}/Pods/Pods-resources.sh\"\n";
			showEnvVarsInLog = 0;
		};
/* End PBXShellScriptBuildPhase section */

/* Begin PBXSourcesBuildPhase section */
		B8F5215E17D8AEC2002FE8E5 /* Sources */ = {
			isa = PBXSourcesBuildPhase;
			buildActionMask = 2147483647;
			files = (
				B8F5217217D8AEC3002FE8E5 /* main.m in Sources */,
				B8F5217617D8AEC3002FE8E5 /* AppDelegate.m in Sources */,
				B8F5219C17D8B01D002FE8E5 /* TPWeather.m in Sources */,
				B834FC4217D95BB70015D6C0 /* TPWeatherWatcherViewController.m in Sources */,
				B834FC5417D9C01E0015D6C0 /* TPWeatherForecastItem.m in Sources */,
				B88A7D9917DBADD80094D053 /* TPWeatherWatcherMenuViewController.m in Sources */,
			);
			runOnlyForDeploymentPostprocessing = 0;
		};
		B8F5217D17D8AEC3002FE8E5 /* Sources */ = {
			isa = PBXSourcesBuildPhase;
			buildActionMask = 2147483647;
			files = (
				B834FC3717D8B76C0015D6C0 /* TPWeatherTest.m in Sources */,
				B834FC3F17D95B460015D6C0 /* TPWeatherWatcherViewControllerTest.m in Sources */,
				B834FC5817D9CF580015D6C0 /* TPWeatherForecastItemTest.m in Sources */,
				B88A7D9F17DBAE890094D053 /* TPWeatherWatcherMenuViewControllerTest.m in Sources */,
			);
			runOnlyForDeploymentPostprocessing = 0;
		};
/* End PBXSourcesBuildPhase section */

/* Begin PBXTargetDependency section */
		B8F5218817D8AEC3002FE8E5 /* PBXTargetDependency */ = {
			isa = PBXTargetDependency;
			target = B8F5216117D8AEC2002FE8E5 /* WeatherWatcher */;
			targetProxy = B8F5218717D8AEC3002FE8E5 /* PBXContainerItemProxy */;
		};
/* End PBXTargetDependency section */

/* Begin PBXVariantGroup section */
		B8F5216E17D8AEC3002FE8E5 /* InfoPlist.strings */ = {
			isa = PBXVariantGroup;
			children = (
				B8F5216F17D8AEC3002FE8E5 /* en */,
			);
			name = InfoPlist.strings;
			sourceTree = "<group>";
		};
		B8F5218C17D8AEC3002FE8E5 /* InfoPlist.strings */ = {
			isa = PBXVariantGroup;
			children = (
				B8F5218D17D8AEC3002FE8E5 /* en */,
			);
			name = InfoPlist.strings;
			sourceTree = "<group>";
		};
/* End PBXVariantGroup section */

/* Begin XCBuildConfiguration section */
		B8F5219217D8AEC3002FE8E5 /* Debug */ = {
			isa = XCBuildConfiguration;
			buildSettings = {
				ALWAYS_SEARCH_USER_PATHS = NO;
				CLANG_CXX_LANGUAGE_STANDARD = "gnu++0x";
				CLANG_CXX_LIBRARY = "libc++";
				CLANG_ENABLE_OBJC_ARC = YES;
				CLANG_WARN_CONSTANT_CONVERSION = YES;
				CLANG_WARN_EMPTY_BODY = YES;
				CLANG_WARN_ENUM_CONVERSION = YES;
				CLANG_WARN_INT_CONVERSION = YES;
				CLANG_WARN__DUPLICATE_METHOD_MATCH = YES;
				"CODE_SIGN_IDENTITY[sdk=iphoneos*]" = "iPhone Developer";
				COPY_PHASE_STRIP = NO;
				GCC_C_LANGUAGE_STANDARD = gnu99;
				GCC_DYNAMIC_NO_PIC = NO;
				GCC_OPTIMIZATION_LEVEL = 0;
				GCC_PREPROCESSOR_DEFINITIONS = (
					"DEBUG=1",
					"$(inherited)",
				);
				GCC_SYMBOLS_PRIVATE_EXTERN = NO;
				GCC_WARN_ABOUT_RETURN_TYPE = YES;
				GCC_WARN_UNINITIALIZED_AUTOS = YES;
				GCC_WARN_UNUSED_VARIABLE = YES;
				IPHONEOS_DEPLOYMENT_TARGET = 6.1;
				ONLY_ACTIVE_ARCH = YES;
				SDKROOT = iphoneos;
			};
			name = Debug;
		};
		B8F5219317D8AEC3002FE8E5 /* Release */ = {
			isa = XCBuildConfiguration;
			buildSettings = {
				ALWAYS_SEARCH_USER_PATHS = NO;
				CLANG_CXX_LANGUAGE_STANDARD = "gnu++0x";
				CLANG_CXX_LIBRARY = "libc++";
				CLANG_ENABLE_OBJC_ARC = YES;
				CLANG_WARN_CONSTANT_CONVERSION = YES;
				CLANG_WARN_EMPTY_BODY = YES;
				CLANG_WARN_ENUM_CONVERSION = YES;
				CLANG_WARN_INT_CONVERSION = YES;
				CLANG_WARN__DUPLICATE_METHOD_MATCH = YES;
				"CODE_SIGN_IDENTITY[sdk=iphoneos*]" = "iPhone Developer";
				COPY_PHASE_STRIP = YES;
				GCC_C_LANGUAGE_STANDARD = gnu99;
				GCC_WARN_ABOUT_RETURN_TYPE = YES;
				GCC_WARN_UNINITIALIZED_AUTOS = YES;
				GCC_WARN_UNUSED_VARIABLE = YES;
				IPHONEOS_DEPLOYMENT_TARGET = 6.1;
				OTHER_CFLAGS = "-DNS_BLOCK_ASSERTIONS=1";
				SDKROOT = iphoneos;
				VALIDATE_PRODUCT = YES;
			};
			name = Release;
		};
		B8F5219517D8AEC3002FE8E5 /* Debug */ = {
			isa = XCBuildConfiguration;
			baseConfigurationReference = D1B43CCD4F644B69A8CCC2BA /* Pods.xcconfig */;
			buildSettings = {
				FRAMEWORK_SEARCH_PATHS = (
					"$(inherited)",
					"\"$(SRCROOT)\"",
				);
				GCC_PRECOMPILE_PREFIX_HEADER = YES;
				GCC_PREFIX_HEADER = "WeatherWatcher/WeatherWatcher-Prefix.pch";
				INFOPLIST_FILE = "WeatherWatcher/WeatherWatcher-Info.plist";
				PRODUCT_NAME = "$(TARGET_NAME)";
				WRAPPER_EXTENSION = app;
			};
			name = Debug;
		};
		B8F5219617D8AEC3002FE8E5 /* Release */ = {
			isa = XCBuildConfiguration;
			baseConfigurationReference = D1B43CCD4F644B69A8CCC2BA /* Pods.xcconfig */;
			buildSettings = {
				FRAMEWORK_SEARCH_PATHS = (
					"$(inherited)",
					"\"$(SRCROOT)\"",
				);
				GCC_PRECOMPILE_PREFIX_HEADER = YES;
				GCC_PREFIX_HEADER = "WeatherWatcher/WeatherWatcher-Prefix.pch";
				INFOPLIST_FILE = "WeatherWatcher/WeatherWatcher-Info.plist";
				PRODUCT_NAME = "$(TARGET_NAME)";
				WRAPPER_EXTENSION = app;
			};
			name = Release;
		};
		B8F5219817D8AEC3002FE8E5 /* Debug */ = {
			isa = XCBuildConfiguration;
			baseConfigurationReference = D1B43CCD4F644B69A8CCC2BA /* Pods.xcconfig */;
			buildSettings = {
				BUNDLE_LOADER = "$(BUILT_PRODUCTS_DIR)/WeatherWatcher.app/WeatherWatcher";
				FRAMEWORK_SEARCH_PATHS = (
					"\"$(SDKROOT)/Developer/Library/Frameworks\"",
					"\"$(DEVELOPER_LIBRARY_DIR)/Frameworks\"",
					"\"$(SRCROOT)\"",
				);
				GCC_PRECOMPILE_PREFIX_HEADER = YES;
				GCC_PREFIX_HEADER = "WeatherWatcher/WeatherWatcher-Prefix.pch";
				INFOPLIST_FILE = "WeatherWatcherTests/WeatherWatcherTests-Info.plist";
				PRODUCT_NAME = "$(TARGET_NAME)";
				TEST_HOST = "$(BUNDLE_LOADER)";
				WRAPPER_EXTENSION = octest;
			};
			name = Debug;
		};
		B8F5219917D8AEC3002FE8E5 /* Release */ = {
			isa = XCBuildConfiguration;
			baseConfigurationReference = D1B43CCD4F644B69A8CCC2BA /* Pods.xcconfig */;
			buildSettings = {
				BUNDLE_LOADER = "$(BUILT_PRODUCTS_DIR)/WeatherWatcher.app/WeatherWatcher";
				FRAMEWORK_SEARCH_PATHS = (
					"\"$(SDKROOT)/Developer/Library/Frameworks\"",
					"\"$(DEVELOPER_LIBRARY_DIR)/Frameworks\"",
					"\"$(SRCROOT)\"",
				);
				GCC_PRECOMPILE_PREFIX_HEADER = YES;
				GCC_PREFIX_HEADER = "WeatherWatcher/WeatherWatcher-Prefix.pch";
				INFOPLIST_FILE = "WeatherWatcherTests/WeatherWatcherTests-Info.plist";
				PRODUCT_NAME = "$(TARGET_NAME)";
				TEST_HOST = "$(BUNDLE_LOADER)";
				WRAPPER_EXTENSION = octest;
			};
			name = Release;
		};
/* End XCBuildConfiguration section */

/* Begin XCConfigurationList section */
		B8F5215D17D8AEC2002FE8E5 /* Build configuration list for PBXProject "WeatherWatcher" */ = {
			isa = XCConfigurationList;
			buildConfigurations = (
				B8F5219217D8AEC3002FE8E5 /* Debug */,
				B8F5219317D8AEC3002FE8E5 /* Release */,
			);
			defaultConfigurationIsVisible = 0;
			defaultConfigurationName = Release;
		};
		B8F5219417D8AEC3002FE8E5 /* Build configuration list for PBXNativeTarget "WeatherWatcher" */ = {
			isa = XCConfigurationList;
			buildConfigurations = (
				B8F5219517D8AEC3002FE8E5 /* Debug */,
				B8F5219617D8AEC3002FE8E5 /* Release */,
			);
			defaultConfigurationIsVisible = 0;
			defaultConfigurationName = Release;
		};
		B8F5219717D8AEC3002FE8E5 /* Build configuration list for PBXNativeTarget "WeatherWatcherTests" */ = {
			isa = XCConfigurationList;
			buildConfigurations = (
				B8F5219817D8AEC3002FE8E5 /* Debug */,
				B8F5219917D8AEC3002FE8E5 /* Release */,
			);
			defaultConfigurationIsVisible = 0;
			defaultConfigurationName = Release;
		};
/* End XCConfigurationList section */
	};
	rootObject = B8F5215A17D8AEC2002FE8E5 /* Project object */;
}
